
Microsoft Visual Studio Solution File, Format Version 12.00
# Visual Studio Version 17
VisualStudioVersion = 17.4.32804.182
MinimumVisualStudioVersion = 10.0.40219.1
Project("{FAE04EC0-301F-11D3-BF4B-00C04F79EFBC}") = "DesktopS3API", "DesktopS3API.csproj", "{658BC0FE-C985-4583-BB3E-3E46603DCD10}"
EndProject
Global
	GlobalSection(SolutionConfigurationPlatforms) = preSolution
		Debug|Any CPU = Debug|Any CPU
		Release|Any CPU = Release|Any CPU
	EndGlobalSection
	GlobalSection(ProjectConfigurationPlatforms) = postSolution
		{658BC0FE-C985-4583-BB3E-3E46603DCD10}.Debug|Any CPU.ActiveCfg = Debug|Any CPU
		{658BC0FE-C985-4583-BB3E-3E46603DCD10}.Debug|Any CPU.Build.0 = Debug|Any CPU
		{658BC0FE-C985-4583-BB3E-3E46603DCD10}.Release|Any CPU.ActiveCfg = Release|Any CPU
		{658BC0FE-C985-4583-BB3E-3E46603DCD10}.Release|Any CPU.Build.0 = Release|Any CPU
	EndGlobalSection
	GlobalSection(SolutionProperties) = preSolution
		HideSolutionNode = FALSE
	EndGlobalSection
	GlobalSection(ExtensibilityGlobals) = postSolution
		SolutionGuid = {5EBBAF73-8A8E-4B05-9921-D46B58AD53A5}
	EndGlobalSection
EndGlobal
